
Microsoft Visual Studio Solution File, Format Version 12.00
# Visual Studio Version 17
VisualStudioVersion = 17.8.34330.188
MinimumVisualStudioVersion = 10.0.40219.1
Project("{9A19103F-16F7-4668-BE54-9A1E7A4F7556}") = "BLL", "BLL\BLL.csproj", "{EF91465C-E456-437D-B104-AA422E948BA1}"
EndProject
Project("{9A19103F-16F7-4668-BE54-9A1E7A4F7556}") = "DAL", "DAL\DAL.csproj", "{54C2C682-9A64-4008-B738-3E5FD6A64080}"
EndProject
Project("{FAE04EC0-301F-11D3-BF4B-00C04F79EFBC}") = "GUI", "GUI\GUI.csproj", "{A18F0B2B-DBFF-4F1B-B360-51611682F584}"
EndProject
Global
	GlobalSection(SolutionConfigurationPlatforms) = preSolution
		Debug|Any CPU = Debug|Any CPU
		Release|Any CPU = Release|Any CPU
	EndGlobalSection
	GlobalSection(ProjectConfigurationPlatforms) = postSolution
		{EF91465C-E456-437D-B104-AA422E948BA1}.Debug|Any CPU.ActiveCfg = Debug|Any CPU
		{EF91465C-E456-437D-B104-AA422E948BA1}.Debug|Any CPU.Build.0 = Debug|Any CPU
		{EF91465C-E456-437D-B104-AA422E948BA1}.Release|Any CPU.ActiveCfg = Release|Any CPU
		{EF91465C-E456-437D-B104-AA422E948BA1}.Release|Any CPU.Build.0 = Release|Any CPU
		{54C2C682-9A64-4008-B738-3E5FD6A64080}.Debug|Any CPU.ActiveCfg = Debug|Any CPU
		{54C2C682-9A64-4008-B738-3E5FD6A64080}.Debug|Any CPU.Build.0 = Debug|Any CPU
		{54C2C682-9A64-4008-B738-3E5FD6A64080}.Release|Any CPU.ActiveCfg = Release|Any CPU
		{54C2C682-9A64-4008-B738-3E5FD6A64080}.Release|Any CPU.Build.0 = Release|Any CPU
		{A18F0B2B-DBFF-4F1B-B360-51611682F584}.Debug|Any CPU.ActiveCfg = Debug|Any CPU
		{A18F0B2B-DBFF-4F1B-B360-51611682F584}.Debug|Any CPU.Build.0 = Debug|Any CPU
		{A18F0B2B-DBFF-4F1B-B360-51611682F584}.Release|Any CPU.ActiveCfg = Release|Any CPU
		{A18F0B2B-DBFF-4F1B-B360-51611682F584}.Release|Any CPU.Build.0 = Release|Any CPU
	EndGlobalSection
	GlobalSection(SolutionProperties) = preSolution
		HideSolutionNode = FALSE
	EndGlobalSection
	GlobalSection(ExtensibilityGlobals) = postSolution
		SolutionGuid = {125554B1-7F36-43B8-A0C2-998B1F72F059}
	EndGlobalSection
EndGlobal
